
Microsoft Visual Studio Solution File, Format Version 12.00
# Visual Studio Version 16
VisualStudioVersion = 16.0.29728.190
MinimumVisualStudioVersion = 10.0.40219.1
Project("{FAE04EC0-301F-11D3-BF4B-00C04F79EFBC}") = "calc1", "calc1\calc1.csproj", "{0B592CAD-1BBB-4541-82B6-8F7F1E8EB5E1}"
EndProject
Global
	GlobalSection(SolutionConfigurationPlatforms) = preSolution
		Debug|Any CPU = Debug|Any CPU
		Release|Any CPU = Release|Any CPU
	EndGlobalSection
	GlobalSection(ProjectConfigurationPlatforms) = postSolution
		{0B592CAD-1BBB-4541-82B6-8F7F1E8EB5E1}.Debug|Any CPU.ActiveCfg = Debug|Any CPU
		{0B592CAD-1BBB-4541-82B6-8F7F1E8EB5E1}.Debug|Any CPU.Build.0 = Debug|Any CPU
		{0B592CAD-1BBB-4541-82B6-8F7F1E8EB5E1}.Release|Any CPU.ActiveCfg = Release|Any CPU
		{0B592CAD-1BBB-4541-82B6-8F7F1E8EB5E1}.Release|Any CPU.Build.0 = Release|Any CPU
	EndGlobalSection
	GlobalSection(SolutionProperties) = preSolution
		HideSolutionNode = FALSE
	EndGlobalSection
	GlobalSection(ExtensibilityGlobals) = postSolution
		SolutionGuid = {024C3982-4F56-4E46-B04F-FE4FD072E96F}
	EndGlobalSection
EndGlobal
